
Microsoft Visual Studio Solution File, Format Version 12.00
# Visual Studio Version 17
VisualStudioVersion = 17.10.35122.118
MinimumVisualStudioVersion = 10.0.40219.1
Project("{FAE04EC0-301F-11D3-BF4B-00C04F79EFBC}") = "todolist", "todolist.csproj", "{CC2E68B4-AC9C-4475-B01F-B3BE884CE727}"
EndProject
Global
	GlobalSection(SolutionConfigurationPlatforms) = preSolution
		Debug|Any CPU = Debug|Any CPU
		Release|Any CPU = Release|Any CPU
	EndGlobalSection
	GlobalSection(ProjectConfigurationPlatforms) = postSolution
		{CC2E68B4-AC9C-4475-B01F-B3BE884CE727}.Debug|Any CPU.ActiveCfg = Debug|Any CPU
		{CC2E68B4-AC9C-4475-B01F-B3BE884CE727}.Debug|Any CPU.Build.0 = Debug|Any CPU
		{CC2E68B4-AC9C-4475-B01F-B3BE884CE727}.Release|Any CPU.ActiveCfg = Release|Any CPU
		{CC2E68B4-AC9C-4475-B01F-B3BE884CE727}.Release|Any CPU.Build.0 = Release|Any CPU
	EndGlobalSection
	GlobalSection(SolutionProperties) = preSolution
		HideSolutionNode = FALSE
	EndGlobalSection
	GlobalSection(ExtensibilityGlobals) = postSolution
		SolutionGuid = {BC18CD5D-71A9-4B58-ABF4-12A2F52C3D57}
	EndGlobalSection
EndGlobal
